
Microsoft Visual Studio Solution File, Format Version 12.00
# Visual Studio Version 17
VisualStudioVersion = 17.8.34322.80
MinimumVisualStudioVersion = 10.0.40219.1
Project("{9A19103F-16F7-4668-BE54-9A1E7A4F7556}") = "AzureNamingTool", "AzureNamingTool.csproj", "{B9EC3E06-9B4D-4CA0-ABBD-E4115384B730}"
EndProject
Project("{2150E333-8FDC-42A3-9474-1A3956D46DE8}") = "Tests", "Tests", "{6BE80029-5D03-4BAB-8F79-1FAFFD432A62}"
EndProject
Project("{FAE04EC0-301F-11D3-BF4B-00C04F79EFBC}") = "AzureNamingTool.UiTests", "..\tests\AzureNamingTool.UiTests\AzureNamingTool.UiTests.csproj", "{3CF1ECAB-78C5-4F54-A2D7-65D9025CF9FD}"
EndProject
Project("{FAE04EC0-301F-11D3-BF4B-00C04F79EFBC}") = "AzureNamingTool.UnitTests", "..\tests\AzureNamingTool.UnitTests\AzureNamingTool.UnitTests.csproj", "{C981F613-2990-4962-A4F8-AFC75FECD597}"
EndProject
Global
	GlobalSection(SolutionConfigurationPlatforms) = preSolution
		Debug|Any CPU = Debug|Any CPU
		Release|Any CPU = Release|Any CPU
	EndGlobalSection
	GlobalSection(ProjectConfigurationPlatforms) = postSolution
		{B9EC3E06-9B4D-4CA0-ABBD-E4115384B730}.Debug|Any CPU.ActiveCfg = Debug|Any CPU
		{B9EC3E06-9B4D-4CA0-ABBD-E4115384B730}.Debug|Any CPU.Build.0 = Debug|Any CPU
		{B9EC3E06-9B4D-4CA0-ABBD-E4115384B730}.Release|Any CPU.ActiveCfg = Release|Any CPU
		{B9EC3E06-9B4D-4CA0-ABBD-E4115384B730}.Release|Any CPU.Build.0 = Release|Any CPU
		{3CF1ECAB-78C5-4F54-A2D7-65D9025CF9FD}.Debug|Any CPU.ActiveCfg = Debug|Any CPU
		{3CF1ECAB-78C5-4F54-A2D7-65D9025CF9FD}.Debug|Any CPU.Build.0 = Debug|Any CPU
		{3CF1ECAB-78C5-4F54-A2D7-65D9025CF9FD}.Release|Any CPU.ActiveCfg = Release|Any CPU
		{3CF1ECAB-78C5-4F54-A2D7-65D9025CF9FD}.Release|Any CPU.Build.0 = Release|Any CPU
		{C981F613-2990-4962-A4F8-AFC75FECD597}.Debug|Any CPU.ActiveCfg = Debug|Any CPU
		{C981F613-2990-4962-A4F8-AFC75FECD597}.Debug|Any CPU.Build.0 = Debug|Any CPU
		{C981F613-2990-4962-A4F8-AFC75FECD597}.Release|Any CPU.ActiveCfg = Release|Any CPU
		{C981F613-2990-4962-A4F8-AFC75FECD597}.Release|Any CPU.Build.0 = Release|Any CPU
	EndGlobalSection
	GlobalSection(SolutionProperties) = preSolution
		HideSolutionNode = FALSE
	EndGlobalSection
	GlobalSection(ExtensibilityGlobals) = postSolution
		SolutionGuid = {903E93DC-11BB-4512-A444-F59A4BE2EEF8}
	EndGlobalSection
	GlobalSection(NestedProjects) = preSolution
		{3CF1ECAB-78C5-4F54-A2D7-65D9025CF9FD} = {6BE80029-5D03-4BAB-8F79-1FAFFD432A62}
		{C981F613-2990-4962-A4F8-AFC75FECD597} = {6BE80029-5D03-4BAB-8F79-1FAFFD432A62}
	EndGlobalSection
EndGlobal
